
Microsoft Visual Studio Solution File, Format Version 12.00
# Visual Studio Version 16
VisualStudioVersion = 16.0.30011.22
MinimumVisualStudioVersion = 10.0.40219.1
Project("{8BC9CEB8-8B4A-11D0-8D11-00A0C91BC942}") = "Sandbox", "Sandbox\Sandbox.vcxproj", "{87585010-8124-4174-9593-E3CC90A40544}"
EndProject
Project("{8BC9CEB8-8B4A-11D0-8D11-00A0C91BC942}") = "Bioba", "Bioba\Bioba.vcxproj", "{2851455B-A4AD-42A0-A12E-912AB51202C6}"
EndProject
Global
	GlobalSection(SolutionConfigurationPlatforms) = preSolution
		Debug|x64 = Debug|x64
		Release|x64 = Release|x64
	EndGlobalSection
	GlobalSection(ProjectConfigurationPlatforms) = postSolution
		{2851455B-A4AD-42A0-A12E-912AB51202C6}.Debug|x64.ActiveCfg = Debug|x64
		{2851455B-A4AD-42A0-A12E-912AB51202C6}.Debug|x64.Build.0 = Debug|x64
		{2851455B-A4AD-42A0-A12E-912AB51202C6}.Release|x64.ActiveCfg = Release|x64
		{2851455B-A4AD-42A0-A12E-912AB51202C6}.Release|x64.Build.0 = Release|x64
		{87585010-8124-4174-9593-E3CC90A40544}.Debug|x64.ActiveCfg = Debug|x64
		{87585010-8124-4174-9593-E3CC90A40544}.Debug|x64.Build.0 = Debug|x64
		{87585010-8124-4174-9593-E3CC90A40544}.Release|x64.ActiveCfg = Release|x64
		{87585010-8124-4174-9593-E3CC90A40544}.Release|x64.Build.0 = Release|x64
	EndGlobalSection
	GlobalSection(SolutionProperties) = preSolution
		HideSolutionNode = FALSE
	EndGlobalSection
	GlobalSection(ExtensibilityGlobals) = postSolution
		SolutionGuid = {368E7E33-6275-41A9-8214-6660E3E4BE8E}
	EndGlobalSection
EndGlobal
